
Microsoft Visual Studio Solution File, Format Version 12.00
# Visual Studio Version 17
VisualStudioVersion = 17.6.33723.286
MinimumVisualStudioVersion = 10.0.40219.1
Project("{FAE04EC0-301F-11D3-BF4B-00C04F79EFBC}") = "WebApi", "WebApi\WebApi.csproj", "{8EE7893A-B40A-4049-874B-3B894E016FF1}"
EndProject
Project("{FAE04EC0-301F-11D3-BF4B-00C04F79EFBC}") = "Core", "Core\Core.csproj", "{1961567F-30DB-4507-9C71-7F2DFAD6F0B0}"
EndProject
Project("{FAE04EC0-301F-11D3-BF4B-00C04F79EFBC}") = "Service", "Service\Service.csproj", "{F8099A27-2ECE-4E6E-BD21-59A8DA754D51}"
EndProject
Project("{FAE04EC0-301F-11D3-BF4B-00C04F79EFBC}") = "Repository", "Repository\Repository.csproj", "{81936DC6-50B3-44DA-84E4-0C1F2102F075}"
EndProject
Global
	GlobalSection(SolutionConfigurationPlatforms) = preSolution
		Debug|Any CPU = Debug|Any CPU
		Release|Any CPU = Release|Any CPU
	EndGlobalSection
	GlobalSection(ProjectConfigurationPlatforms) = postSolution
		{8EE7893A-B40A-4049-874B-3B894E016FF1}.Debug|Any CPU.ActiveCfg = Debug|Any CPU
		{8EE7893A-B40A-4049-874B-3B894E016FF1}.Debug|Any CPU.Build.0 = Debug|Any CPU
		{8EE7893A-B40A-4049-874B-3B894E016FF1}.Release|Any CPU.ActiveCfg = Release|Any CPU
		{8EE7893A-B40A-4049-874B-3B894E016FF1}.Release|Any CPU.Build.0 = Release|Any CPU
		{1961567F-30DB-4507-9C71-7F2DFAD6F0B0}.Debug|Any CPU.ActiveCfg = Debug|Any CPU
		{1961567F-30DB-4507-9C71-7F2DFAD6F0B0}.Debug|Any CPU.Build.0 = Debug|Any CPU
		{1961567F-30DB-4507-9C71-7F2DFAD6F0B0}.Release|Any CPU.ActiveCfg = Release|Any CPU
		{1961567F-30DB-4507-9C71-7F2DFAD6F0B0}.Release|Any CPU.Build.0 = Release|Any CPU
		{F8099A27-2ECE-4E6E-BD21-59A8DA754D51}.Debug|Any CPU.ActiveCfg = Debug|Any CPU
		{F8099A27-2ECE-4E6E-BD21-59A8DA754D51}.Debug|Any CPU.Build.0 = Debug|Any CPU
		{F8099A27-2ECE-4E6E-BD21-59A8DA754D51}.Release|Any CPU.ActiveCfg = Release|Any CPU
		{F8099A27-2ECE-4E6E-BD21-59A8DA754D51}.Release|Any CPU.Build.0 = Release|Any CPU
		{81936DC6-50B3-44DA-84E4-0C1F2102F075}.Debug|Any CPU.ActiveCfg = Debug|Any CPU
		{81936DC6-50B3-44DA-84E4-0C1F2102F075}.Debug|Any CPU.Build.0 = Debug|Any CPU
		{81936DC6-50B3-44DA-84E4-0C1F2102F075}.Release|Any CPU.ActiveCfg = Release|Any CPU
		{81936DC6-50B3-44DA-84E4-0C1F2102F075}.Release|Any CPU.Build.0 = Release|Any CPU
	EndGlobalSection
	GlobalSection(SolutionProperties) = preSolution
		HideSolutionNode = FALSE
	EndGlobalSection
	GlobalSection(ExtensibilityGlobals) = postSolution
		SolutionGuid = {1BCF2492-1720-48BD-9985-9F84A7399E37}
	EndGlobalSection
EndGlobal
